
Microsoft Visual Studio Solution File, Format Version 12.00
# Visual Studio 15
VisualStudioVersion = 15.0.26730.12
MinimumVisualStudioVersion = 10.0.40219.1
Project("{FAE04EC0-301F-11D3-BF4B-00C04F79EFBC}") = "BlackFlash", "BlackFlash\BlackFlash.csproj", "{8FAFB06D-C5A9-4D35-95D3-167034D683EB}"
EndProject
Global
	GlobalSection(SolutionConfigurationPlatforms) = preSolution
		Debug|Any CPU = Debug|Any CPU
		Release|Any CPU = Release|Any CPU
	EndGlobalSection
	GlobalSection(ProjectConfigurationPlatforms) = postSolution
		{8FAFB06D-C5A9-4D35-95D3-167034D683EB}.Debug|Any CPU.ActiveCfg = Debug|Any CPU
		{8FAFB06D-C5A9-4D35-95D3-167034D683EB}.Debug|Any CPU.Build.0 = Debug|Any CPU
		{8FAFB06D-C5A9-4D35-95D3-167034D683EB}.Release|Any CPU.ActiveCfg = Release|Any CPU
		{8FAFB06D-C5A9-4D35-95D3-167034D683EB}.Release|Any CPU.Build.0 = Release|Any CPU
	EndGlobalSection
	GlobalSection(SolutionProperties) = preSolution
		HideSolutionNode = FALSE
	EndGlobalSection
	GlobalSection(ExtensibilityGlobals) = postSolution
		SolutionGuid = {9498A4AE-1103-4D4C-944A-FD00685A549E}
	EndGlobalSection
EndGlobal
